
Microsoft Visual Studio Solution File, Format Version 12.00
Project("{FAE04EC0-301F-11D3-BF4B-00C04F79EFBC}") = "Api-esteban", "Api-esteban\Api-esteban.csproj", "{630F0754-790A-4545-B843-7B06429B0609}"
EndProject
Global
	GlobalSection(SolutionConfigurationPlatforms) = preSolution
		Debug|Any CPU = Debug|Any CPU
		Release|Any CPU = Release|Any CPU
	EndGlobalSection
	GlobalSection(ProjectConfigurationPlatforms) = postSolution
		{630F0754-790A-4545-B843-7B06429B0609}.Debug|Any CPU.ActiveCfg = Debug|Any CPU
		{630F0754-790A-4545-B843-7B06429B0609}.Debug|Any CPU.Build.0 = Debug|Any CPU
		{630F0754-790A-4545-B843-7B06429B0609}.Release|Any CPU.ActiveCfg = Release|Any CPU
		{630F0754-790A-4545-B843-7B06429B0609}.Release|Any CPU.Build.0 = Release|Any CPU
	EndGlobalSection
EndGlobal
